
Microsoft Visual Studio Solution File, Format Version 12.00
# Visual Studio Version 16
VisualStudioVersion = 16.0.32106.194
MinimumVisualStudioVersion = 10.0.40219.1
Project("{FAE04EC0-301F-11D3-BF4B-00C04F79EFBC}") = "Session1", "Session1.csproj", "{9AEBD22F-04A0-4042-A94F-A46682F1AA0B}"
EndProject
Project("{FAE04EC0-301F-11D3-BF4B-00C04F79EFBC}") = "Session2", "..\Session2\Session2.csproj", "{9734B833-2819-4DAA-B4D2-A4EFBF503057}"
EndProject
Global
	GlobalSection(SolutionConfigurationPlatforms) = preSolution
		Debug|Any CPU = Debug|Any CPU
		Release|Any CPU = Release|Any CPU
	EndGlobalSection
	GlobalSection(ProjectConfigurationPlatforms) = postSolution
		{9AEBD22F-04A0-4042-A94F-A46682F1AA0B}.Debug|Any CPU.ActiveCfg = Debug|Any CPU
		{9AEBD22F-04A0-4042-A94F-A46682F1AA0B}.Debug|Any CPU.Build.0 = Debug|Any CPU
		{9AEBD22F-04A0-4042-A94F-A46682F1AA0B}.Release|Any CPU.ActiveCfg = Release|Any CPU
		{9AEBD22F-04A0-4042-A94F-A46682F1AA0B}.Release|Any CPU.Build.0 = Release|Any CPU
		{9734B833-2819-4DAA-B4D2-A4EFBF503057}.Debug|Any CPU.ActiveCfg = Debug|Any CPU
		{9734B833-2819-4DAA-B4D2-A4EFBF503057}.Debug|Any CPU.Build.0 = Debug|Any CPU
		{9734B833-2819-4DAA-B4D2-A4EFBF503057}.Release|Any CPU.ActiveCfg = Release|Any CPU
		{9734B833-2819-4DAA-B4D2-A4EFBF503057}.Release|Any CPU.Build.0 = Release|Any CPU
	EndGlobalSection
	GlobalSection(SolutionProperties) = preSolution
		HideSolutionNode = FALSE
	EndGlobalSection
	GlobalSection(ExtensibilityGlobals) = postSolution
		SolutionGuid = {D82E5284-D50D-45AF-B136-7C0B7B6FA7F9}
	EndGlobalSection
EndGlobal
